{
  "name": "crud-graphql-mongodb-react-typescript-chakra",
  "lockfileVersion": 2,
  "requires": true,
  "packages": {
    "": {
      "dependencies": {
        "@types/google.accounts": "^0.0.4"
      }
    },
    "node_modules/@types/google.accounts": {
      "version": "0.0.4",
      "resolved": "https://registry.npmjs.org/@types/google.accounts/-/google.accounts-0.0.4.tgz",
      "integrity": "sha512-X42obEgMx+Ptt3RZShgfRNLxGfm9PTLB/zdQkVBYtjnQnbQvTdbU02kZuS6pahp7LA9a5tUxB5vGBnD81SUhjg=="
    }
  },
  "dependencies": {
    "@types/google.accounts": {
      "version": "0.0.4",
      "resolved": "https://registry.npmjs.org/@types/google.accounts/-/google.accounts-0.0.4.tgz",
      "integrity": "sha512-X42obEgMx+Ptt3RZShgfRNLxGfm9PTLB/zdQkVBYtjnQnbQvTdbU02kZuS6pahp7LA9a5tUxB5vGBnD81SUhjg=="
    }
  }
}
